
Microsoft Visual Studio Solution File, Format Version 12.00
# Visual Studio 15
VisualStudioVersion = 15.0.26430.16
MinimumVisualStudioVersion = 10.0.40219.1
Project("{A07B5EB6-E848-4116-A8D0-A826331D98C6}") = "Voting", "Voting_v2\Voting.sfproj", "{F45168A8-5752-4B5A-A94A-618964EDE621}"
EndProject
Project("{FAE04EC0-301F-11D3-BF4B-00C04F79EFBC}") = "VotingDataService", "VotingDataService\VotingDataService.csproj", "{09872A37-B3E1-4D48-93DF-05C2028FED12}"
EndProject
Project("{9A19103F-16F7-4668-BE54-9A1E7A4F7556}") = "VotingService", "VotingService\VotingService.csproj", "{0B5F019E-2355-42B4-968D-01063E889B94}"
EndProject
Project("{2150E333-8FDC-42A3-9474-1A3956D46DE8}") = "CustomScripts", "CustomScripts", "{B5637A41-7B93-4F72-B54F-B82F63636B3B}"
	ProjectSection(SolutionItems) = preProject
		SF_DeployNewApplication.ps1 = SF_DeployNewApplication.ps1
		SF_UndeployApplication.ps1 = SF_UndeployApplication.ps1
	EndProjectSection
EndProject
Global
	GlobalSection(SolutionConfigurationPlatforms) = preSolution
		Debug|Any CPU = Debug|Any CPU
		Debug|x64 = Debug|x64
		Release|Any CPU = Release|Any CPU
		Release|x64 = Release|x64
	EndGlobalSection
	GlobalSection(ProjectConfigurationPlatforms) = postSolution
		{F45168A8-5752-4B5A-A94A-618964EDE621}.Debug|Any CPU.ActiveCfg = Debug|x64
		{F45168A8-5752-4B5A-A94A-618964EDE621}.Debug|x64.ActiveCfg = Debug|x64
		{F45168A8-5752-4B5A-A94A-618964EDE621}.Debug|x64.Build.0 = Debug|x64
		{F45168A8-5752-4B5A-A94A-618964EDE621}.Debug|x64.Deploy.0 = Debug|x64
		{F45168A8-5752-4B5A-A94A-618964EDE621}.Release|Any CPU.ActiveCfg = Release|x64
		{F45168A8-5752-4B5A-A94A-618964EDE621}.Release|x64.ActiveCfg = Release|x64
		{F45168A8-5752-4B5A-A94A-618964EDE621}.Release|x64.Build.0 = Release|x64
		{F45168A8-5752-4B5A-A94A-618964EDE621}.Release|x64.Deploy.0 = Release|x64
		{09872A37-B3E1-4D48-93DF-05C2028FED12}.Debug|Any CPU.ActiveCfg = Debug|x64
		{09872A37-B3E1-4D48-93DF-05C2028FED12}.Debug|x64.ActiveCfg = Debug|x64
		{09872A37-B3E1-4D48-93DF-05C2028FED12}.Debug|x64.Build.0 = Debug|x64
		{09872A37-B3E1-4D48-93DF-05C2028FED12}.Release|Any CPU.ActiveCfg = Release|x64
		{09872A37-B3E1-4D48-93DF-05C2028FED12}.Release|x64.ActiveCfg = Release|x64
		{09872A37-B3E1-4D48-93DF-05C2028FED12}.Release|x64.Build.0 = Release|x64
		{0B5F019E-2355-42B4-968D-01063E889B94}.Debug|Any CPU.ActiveCfg = Debug|Any CPU
		{0B5F019E-2355-42B4-968D-01063E889B94}.Debug|Any CPU.Build.0 = Debug|Any CPU
		{0B5F019E-2355-42B4-968D-01063E889B94}.Debug|x64.ActiveCfg = Debug|Any CPU
		{0B5F019E-2355-42B4-968D-01063E889B94}.Debug|x64.Build.0 = Debug|Any CPU
		{0B5F019E-2355-42B4-968D-01063E889B94}.Release|Any CPU.ActiveCfg = Release|Any CPU
		{0B5F019E-2355-42B4-968D-01063E889B94}.Release|Any CPU.Build.0 = Release|Any CPU
		{0B5F019E-2355-42B4-968D-01063E889B94}.Release|x64.ActiveCfg = Release|Any CPU
		{0B5F019E-2355-42B4-968D-01063E889B94}.Release|x64.Build.0 = Release|Any CPU
	EndGlobalSection
	GlobalSection(SolutionProperties) = preSolution
		HideSolutionNode = FALSE
	EndGlobalSection
	GlobalSection(ExtensibilityGlobals) = postSolution
		SolutionGuid = {F1FEAD51-FFD2-4C78-8970-C22B6DDC8E24}
	EndGlobalSection
EndGlobal
